
Microsoft Visual Studio Solution File, Format Version 12.00
# Visual Studio Version 17
VisualStudioVersion = 17.7.34009.444
MinimumVisualStudioVersion = 10.0.40219.1
Project("{FAE04EC0-301F-11D3-BF4B-00C04F79EFBC}") = "Project2", "Project2\Project2.csproj", "{5B47F7F8-93AB-4EA9-B371-73C2DADDCEBE}"
EndProject
Global
	GlobalSection(SolutionConfigurationPlatforms) = preSolution
		Debug|Any CPU = Debug|Any CPU
		Release|Any CPU = Release|Any CPU
	EndGlobalSection
	GlobalSection(ProjectConfigurationPlatforms) = postSolution
		{5B47F7F8-93AB-4EA9-B371-73C2DADDCEBE}.Debug|Any CPU.ActiveCfg = Debug|Any CPU
		{5B47F7F8-93AB-4EA9-B371-73C2DADDCEBE}.Debug|Any CPU.Build.0 = Debug|Any CPU
		{5B47F7F8-93AB-4EA9-B371-73C2DADDCEBE}.Release|Any CPU.ActiveCfg = Release|Any CPU
		{5B47F7F8-93AB-4EA9-B371-73C2DADDCEBE}.Release|Any CPU.Build.0 = Release|Any CPU
	EndGlobalSection
	GlobalSection(SolutionProperties) = preSolution
		HideSolutionNode = FALSE
	EndGlobalSection
	GlobalSection(ExtensibilityGlobals) = postSolution
		SolutionGuid = {6B5A666C-4886-4BE1-A980-670490A09D9C}
	EndGlobalSection
EndGlobal
